// !$*UTF8*$!
{
	archiveVersion = 1;
	classes = {
	};
	objectVersion = 55;
	objects = {

/* Begin PBXBuildFile section */
		4C04490E27A9D2CE00AA047B /* AppDelegate.swift in Sources */ = {isa = PBXBuildFile; fileRef = 4C04490D27A9D2CE00AA047B /* AppDelegate.swift */; };
		4C04491027A9D2CE00AA047B /* SceneDelegate.swift in Sources */ = {isa = PBXBuildFile; fileRef = 4C04490F27A9D2CE00AA047B /* SceneDelegate.swift */; };
		4C04491227A9D2CE00AA047B /* ViewController.swift in Sources */ = {isa = PBXBuildFile; fileRef = 4C04491127A9D2CE00AA047B /* ViewController.swift */; };
		4C04491527A9D2CE00AA047B /* Main.storyboard in Resources */ = {isa = PBXBuildFile; fileRef = 4C04491327A9D2CE00AA047B /* Main.storyboard */; };
		4C04491727A9D2D000AA047B /* Assets.xcassets in Resources */ = {isa = PBXBuildFile; fileRef = 4C04491627A9D2D000AA047B /* Assets.xcassets */; };
		4C04491A27A9D2D000AA047B /* LaunchScreen.storyboard in Resources */ = {isa = PBXBuildFile; fileRef = 4C04491827A9D2D000AA047B /* LaunchScreen.storyboard */; };
		4C04492527A9D2D000AA047B /* MazeRobotController2_0Tests.swift in Sources */ = {isa = PBXBuildFile; fileRef = 4C04492427A9D2D000AA047B /* MazeRobotController2_0Tests.swift */; };
		4C04492F27A9D2D000AA047B /* MazeRobotController2_0UITests.swift in Sources */ = {isa = PBXBuildFile; fileRef = 4C04492E27A9D2D000AA047B /* MazeRobotController2_0UITests.swift */; };
		4C04493127A9D2D000AA047B /* MazeRobotController2_0UITestsLaunchTests.swift in Sources */ = {isa = PBXBuildFile; fileRef = 4C04493027A9D2D000AA047B /* MazeRobotController2_0UITestsLaunchTests.swift */; };
		4CBCB87727BB1915005B84C8 /* NSData+Int8.swift in Sources */ = {isa = PBXBuildFile; fileRef = 4CBCB87627BB1915005B84C8 /* NSData+Int8.swift */; };
/* End PBXBuildFile section */

/* Begin PBXContainerItemProxy section */
		4C04492127A9D2D000AA047B /* PBXContainerItemProxy */ = {
			isa = PBXContainerItemProxy;
			containerPortal = 4C04490227A9D2CE00AA047B /* Project object */;
			proxyType = 1;
			remoteGlobalIDString = 4C04490927A9D2CE00AA047B;
			remoteInfo = MazeRobotController2.0;
		};
		4C04492B27A9D2D000AA047B /* PBXContainerItemProxy */ = {
			isa = PBXContainerItemProxy;
			containerPortal = 4C04490227A9D2CE00AA047B /* Project object */;
			proxyType = 1;
			remoteGlobalIDString = 4C04490927A9D2CE00AA047B;
			remoteInfo = MazeRobotController2.0;
		};
/* End PBXContainerItemProxy section */

/* Begin PBXFileReference section */
		4C04490A27A9D2CE00AA047B /* MazeRobotController2.0.app */ = {isa = PBXFileReference; explicitFileType = wrapper.application; includeInIndex = 0; path = MazeRobotController2.0.app; sourceTree = BUILT_PRODUCTS_DIR; };
		4C04490D27A9D2CE00AA047B /* AppDelegate.swift */ = {isa = PBXFileReference; lastKnownFileType = sourcecode.swift; path = AppDelegate.swift; sourceTree = "<group>"; };
		4C04490F27A9D2CE00AA047B /* SceneDelegate.swift */ = {isa = PBXFileReference; lastKnownFileType = sourcecode.swift; path = SceneDelegate.swift; sourceTree = "<group>"; };
		4C04491127A9D2CE00AA047B /* ViewController.swift */ = {isa = PBXFileReference; lastKnownFileType = sourcecode.swift; path = ViewController.swift; sourceTree = "<group>"; };
		4C04491427A9D2CE00AA047B /* Base */ = {isa = PBXFileReference; lastKnownFileType = file.storyboard; name = Base; path = Base.lproj/Main.storyboard; sourceTree = "<group>"; };
		4C04491627A9D2D000AA047B /* Assets.xcassets */ = {isa = PBXFileReference; lastKnownFileType = folder.assetcatalog; path = Assets.xcassets; sourceTree = "<group>"; };
		4C04491927A9D2D000AA047B /* Base */ = {isa = PBXFileReference; lastKnownFileType = file.storyboard; name = Base; path = Base.lproj/LaunchScreen.storyboard; sourceTree = "<group>"; };
		4C04491B27A9D2D000AA047B /* Info.plist */ = {isa = PBXFileReference; lastKnownFileType = text.plist.xml; path = Info.plist; sourceTree = "<group>"; };
		4C04492027A9D2D000AA047B /* MazeRobotController2.0Tests.xctest */ = {isa = PBXFileReference; explicitFileType = wrapper.cfbundle; includeInIndex = 0; path = MazeRobotController2.0Tests.xctest; sourceTree = BUILT_PRODUCTS_DIR; };
		4C04492427A9D2D000AA047B /* MazeRobotController2_0Tests.swift */ = {isa = PBXFileReference; lastKnownFileType = sourcecode.swift; path = MazeRobotController2_0Tests.swift; sourceTree = "<group>"; };
		4C04492A27A9D2D000AA047B /* MazeRobotController2.0UITests.xctest */ = {isa = PBXFileReference; explicitFileType = wrapper.cfbundle; includeInIndex = 0; path = MazeRobotController2.0UITests.xctest; sourceTree = BUILT_PRODUCTS_DIR; };
		4C04492E27A9D2D000AA047B /* MazeRobotController2_0UITests.swift */ = {isa = PBXFileReference; lastKnownFileType = sourcecode.swift; path = MazeRobotController2_0UITests.swift; sourceTree = "<group>"; };
		4C04493027A9D2D000AA047B /* MazeRobotController2_0UITestsLaunchTests.swift */ = {isa = PBXFileReference; lastKnownFileType = sourcecode.swift; path = MazeRobotController2_0UITestsLaunchTests.swift; sourceTree = "<group>"; };
		4CBCB87627BB1915005B84C8 /* NSData+Int8.swift */ = {isa = PBXFileReference; lastKnownFileType = sourcecode.swift; path = "NSData+Int8.swift"; sourceTree = "<group>"; };
/* End PBXFileReference section */

/* Begin PBXFrameworksBuildPhase section */
		4C04490727A9D2CE00AA047B /* Frameworks */ = {
			isa = PBXFrameworksBuildPhase;
			buildActionMask = 2147483647;
			files = (
			);
			runOnlyForDeploymentPostprocessing = 0;
		};
		4C04491D27A9D2D000AA047B /* Frameworks */ = {
			isa = PBXFrameworksBuildPhase;
			buildActionMask = 2147483647;
			files = (
			);
			runOnlyForDeploymentPostprocessing = 0;
		};
		4C04492727A9D2D000AA047B /* Frameworks */ = {
			isa = PBXFrameworksBuildPhase;
			buildActionMask = 2147483647;
			files = (
			);
			runOnlyForDeploymentPostprocessing = 0;
		};
/* End PBXFrameworksBuildPhase section */

/* Begin PBXGroup section */
		4C04490127A9D2CE00AA047B = {
			isa = PBXGroup;
			children = (
				4C04490C27A9D2CE00AA047B /* MazeRobotController2.0 */,
				4C04492327A9D2D000AA047B /* MazeRobotController2.0Tests */,
				4C04492D27A9D2D000AA047B /* MazeRobotController2.0UITests */,
				4C04490B27A9D2CE00AA047B /* Products */,
			);
			sourceTree = "<group>";
		};
		4C04490B27A9D2CE00AA047B /* Products */ = {
			isa = PBXGroup;
			children = (
				4C04490A27A9D2CE00AA047B /* MazeRobotController2.0.app */,
				4C04492027A9D2D000AA047B /* MazeRobotController2.0Tests.xctest */,
				4C04492A27A9D2D000AA047B /* MazeRobotController2.0UITests.xctest */,
			);
			name = Products;
			sourceTree = "<group>";
		};
		4C04490C27A9D2CE00AA047B /* MazeRobotController2.0 */ = {
			isa = PBXGroup;
			children = (
				4C04490D27A9D2CE00AA047B /* AppDelegate.swift */,
				4C04490F27A9D2CE00AA047B /* SceneDelegate.swift */,
				4C04491127A9D2CE00AA047B /* ViewController.swift */,
				4C04491327A9D2CE00AA047B /* Main.storyboard */,
				4C04491627A9D2D000AA047B /* Assets.xcassets */,
				4C04491827A9D2D000AA047B /* LaunchScreen.storyboard */,
				4C04491B27A9D2D000AA047B /* Info.plist */,
				4CBCB87627BB1915005B84C8 /* NSData+Int8.swift */,
			);
			path = MazeRobotController2.0;
			sourceTree = "<group>";
		};
		4C04492327A9D2D000AA047B /* MazeRobotController2.0Tests */ = {
			isa = PBXGroup;
			children = (
				4C04492427A9D2D000AA047B /* MazeRobotController2_0Tests.swift */,
			);
			path = MazeRobotController2.0Tests;
			sourceTree = "<group>";
		};
		4C04492D27A9D2D000AA047B /* MazeRobotController2.0UITests */ = {
			isa = PBXGroup;
			children = (
				4C04492E27A9D2D000AA047B /* MazeRobotController2_0UITests.swift */,
				4C04493027A9D2D000AA047B /* MazeRobotController2_0UITestsLaunchTests.swift */,
			);
			path = MazeRobotController2.0UITests;
			sourceTree = "<group>";
		};
/* End PBXGroup section */

/* Begin PBXNativeTarget section */
		4C04490927A9D2CE00AA047B /* MazeRobotController2.0 */ = {
			isa = PBXNativeTarget;
			buildConfigurationList = 4C04493427A9D2D000AA047B /* Build configuration list for PBXNativeTarget "MazeRobotController2.0" */;
			buildPhases = (
				4C04490627A9D2CE00AA047B /* Sources */,
				4C04490727A9D2CE00AA047B /* Frameworks */,
				4C04490827A9D2CE00AA047B /* Resources */,
			);
			buildRules = (
			);
			dependencies = (
			);
			name = MazeRobotController2.0;
			productName = MazeRobotController2.0;
			productReference = 4C04490A27A9D2CE00AA047B /* MazeRobotController2.0.app */;
			productType = "com.apple.product-type.application";
		};
		4C04491F27A9D2D000AA047B /* MazeRobotController2.0Tests */ = {
			isa = PBXNativeTarget;
			buildConfigurationList = 4C04493727A9D2D000AA047B /* Build configuration list for PBXNativeTarget "MazeRobotController2.0Tests" */;
			buildPhases = (
				4C04491C27A9D2D000AA047B /* Sources */,
				4C04491D27A9D2D000AA047B /* Frameworks */,
				4C04491E27A9D2D000AA047B /* Resources */,
			);
			buildRules = (
			);
			dependencies = (
				4C04492227A9D2D000AA047B /* PBXTargetDependency */,
			);
			name = MazeRobotController2.0Tests;
			productName = MazeRobotController2.0Tests;
			productReference = 4C04492027A9D2D000AA047B /* MazeRobotController2.0Tests.xctest */;
			productType = "com.apple.product-type.bundle.unit-test";
		};
		4C04492927A9D2D000AA047B /* MazeRobotController2.0UITests */ = {
			isa = PBXNativeTarget;
			buildConfigurationList = 4C04493A27A9D2D000AA047B /* Build configuration list for PBXNativeTarget "MazeRobotController2.0UITests" */;
			buildPhases = (
				4C04492627A9D2D000AA047B /* Sources */,
				4C04492727A9D2D000AA047B /* Frameworks */,
				4C04492827A9D2D000AA047B /* Resources */,
			);
			buildRules = (
			);
			dependencies = (
				4C04492C27A9D2D000AA047B /* PBXTargetDependency */,
			);
			name = MazeRobotController2.0UITests;
			productName = MazeRobotController2.0UITests;
			productReference = 4C04492A27A9D2D000AA047B /* MazeRobotController2.0UITests.xctest */;
			productType = "com.apple.product-type.bundle.ui-testing";
		};
/* End PBXNativeTarget section */

/* Begin PBXProject section */
		4C04490227A9D2CE00AA047B /* Project object */ = {
			isa = PBXProject;
			attributes = {
				BuildIndependentTargetsInParallel = 1;
				LastSwiftUpdateCheck = 1320;
				LastUpgradeCheck = 1320;
				TargetAttributes = {
					4C04490927A9D2CE00AA047B = {
						CreatedOnToolsVersion = 13.2;
					};
					4C04491F27A9D2D000AA047B = {
						CreatedOnToolsVersion = 13.2;
						TestTargetID = 4C04490927A9D2CE00AA047B;
					};
					4C04492927A9D2D000AA047B = {
						CreatedOnToolsVersion = 13.2;
						TestTargetID = 4C04490927A9D2CE00AA047B;
					};
				};
			};
			buildConfigurationList = 4C04490527A9D2CE00AA047B /* Build configuration list for PBXProject "MazeRobotController2.0" */;
			compatibilityVersion = "Xcode 13.0";
			developmentRegion = en;
			hasScannedForEncodings = 0;
			knownRegions = (
				en,
				Base,
			);
			mainGroup = 4C04490127A9D2CE00AA047B;
			productRefGroup = 4C04490B27A9D2CE00AA047B /* Products */;
			projectDirPath = "";
			projectRoot = "";
			targets = (
				4C04490927A9D2CE00AA047B /* MazeRobotController2.0 */,
				4C04491F27A9D2D000AA047B /* MazeRobotController2.0Tests */,
				4C04492927A9D2D000AA047B /* MazeRobotController2.0UITests */,
			);
		};
/* End PBXProject section */

/* Begin PBXResourcesBuildPhase section */
		4C04490827A9D2CE00AA047B /* Resources */ = {
			isa = PBXResourcesBuildPhase;
			buildActionMask = 2147483647;
			files = (
				4C04491A27A9D2D000AA047B /* LaunchScreen.storyboard in Resources */,
				4C04491727A9D2D000AA047B /* Assets.xcassets in Resources */,
				4C04491527A9D2CE00AA047B /* Main.storyboard in Resources */,
			);
			runOnlyForDeploymentPostprocessing = 0;
		};
		4C04491E27A9D2D000AA047B /* Resources */ = {
			isa = PBXResourcesBuildPhase;
			buildActionMask = 2147483647;
			files = (
			);
			runOnlyForDeploymentPostprocessing = 0;
		};
		4C04492827A9D2D000AA047B /* Resources */ = {
			isa = PBXResourcesBuildPhase;
			buildActionMask = 2147483647;
			files = (
			);
			runOnlyForDeploymentPostprocessing = 0;
		};
/* End PBXResourcesBuildPhase section */

/* Begin PBXSourcesBuildPhase section */
		4C04490627A9D2CE00AA047B /* Sources */ = {
			isa = PBXSourcesBuildPhase;
			buildActionMask = 2147483647;
			files = (
				4C04491227A9D2CE00AA047B /* ViewController.swift in Sources */,
				4CBCB87727BB1915005B84C8 /* NSData+Int8.swift in Sources */,
				4C04490E27A9D2CE00AA047B /* AppDelegate.swift in Sources */,
				4C04491027A9D2CE00AA047B /* SceneDelegate.swift in Sources */,
			);
			runOnlyForDeploymentPostprocessing = 0;
		};
		4C04491C27A9D2D000AA047B /* Sources */ = {
			isa = PBXSourcesBuildPhase;
			buildActionMask = 2147483647;
			files = (
				4C04492527A9D2D000AA047B /* MazeRobotController2_0Tests.swift in Sources */,
			);
			runOnlyForDeploymentPostprocessing = 0;
		};
		4C04492627A9D2D000AA047B /* Sources */ = {
			isa = PBXSourcesBuildPhase;
			buildActionMask = 2147483647;
			files = (
				4C04493127A9D2D000AA047B /* MazeRobotController2_0UITestsLaunchTests.swift in Sources */,
				4C04492F27A9D2D000AA047B /* MazeRobotController2_0UITests.swift in Sources */,
			);
			runOnlyForDeploymentPostprocessing = 0;
		};
/* End PBXSourcesBuildPhase section */

/* Begin PBXTargetDependency section */
		4C04492227A9D2D000AA047B /* PBXTargetDependency */ = {
			isa = PBXTargetDependency;
			target = 4C04490927A9D2CE00AA047B /* MazeRobotController2.0 */;
			targetProxy = 4C04492127A9D2D000AA047B /* PBXContainerItemProxy */;
		};
		4C04492C27A9D2D000AA047B /* PBXTargetDependency */ = {
			isa = PBXTargetDependency;
			target = 4C04490927A9D2CE00AA047B /* MazeRobotController2.0 */;
			targetProxy = 4C04492B27A9D2D000AA047B /* PBXContainerItemProxy */;
		};
/* End PBXTargetDependency section */

/* Begin PBXVariantGroup section */
		4C04491327A9D2CE00AA047B /* Main.storyboard */ = {
			isa = PBXVariantGroup;
			children = (
				4C04491427A9D2CE00AA047B /* Base */,
			);
			name = Main.storyboard;
			sourceTree = "<group>";
		};
		4C04491827A9D2D000AA047B /* LaunchScreen.storyboard */ = {
			isa = PBXVariantGroup;
			children = (
				4C04491927A9D2D000AA047B /* Base */,
			);
			name = LaunchScreen.storyboard;
			sourceTree = "<group>";
		};
/* End PBXVariantGroup section */

/* Begin XCBuildConfiguration section */
		4C04493227A9D2D000AA047B /* Debug */ = {
			isa = XCBuildConfiguration;
			buildSettings = {
				ALWAYS_SEARCH_USER_PATHS = NO;
				CLANG_ANALYZER_NONNULL = YES;
				CLANG_ANALYZER_NUMBER_OBJECT_CONVERSION = YES_AGGRESSIVE;
				CLANG_CXX_LANGUAGE_STANDARD = "gnu++17";
				CLANG_CXX_LIBRARY = "libc++";
				CLANG_ENABLE_MODULES = YES;
				CLANG_ENABLE_OBJC_ARC = YES;
				CLANG_ENABLE_OBJC_WEAK = YES;
				CLANG_WARN_BLOCK_CAPTURE_AUTORELEASING = YES;
				CLANG_WARN_BOOL_CONVERSION = YES;
				CLANG_WARN_COMMA = YES;
				CLANG_WARN_CONSTANT_CONVERSION = YES;
				CLANG_WARN_DEPRECATED_OBJC_IMPLEMENTATIONS = YES;
				CLANG_WARN_DIRECT_OBJC_ISA_USAGE = YES_ERROR;
				CLANG_WARN_DOCUMENTATION_COMMENTS = YES;
				CLANG_WARN_EMPTY_BODY = YES;
				CLANG_WARN_ENUM_CONVERSION = YES;
				CLANG_WARN_INFINITE_RECURSION = YES;
				CLANG_WARN_INT_CONVERSION = YES;
				CLANG_WARN_NON_LITERAL_NULL_CONVERSION = YES;
				CLANG_WARN_OBJC_IMPLICIT_RETAIN_SELF = YES;
				CLANG_WARN_OBJC_LITERAL_CONVERSION = YES;
				CLANG_WARN_OBJC_ROOT_CLASS = YES_ERROR;
				CLANG_WARN_QUOTED_INCLUDE_IN_FRAMEWORK_HEADER = YES;
				CLANG_WARN_RANGE_LOOP_ANALYSIS = YES;
				CLANG_WARN_STRICT_PROTOTYPES = YES;
				CLANG_WARN_SUSPICIOUS_MOVE = YES;
				CLANG_WARN_UNGUARDED_AVAILABILITY = YES_AGGRESSIVE;
				CLANG_WARN_UNREACHABLE_CODE = YES;
				CLANG_WARN__DUPLICATE_METHOD_MATCH = YES;
				COPY_PHASE_STRIP = NO;
				DEBUG_INFORMATION_FORMAT = dwarf;
				ENABLE_STRICT_OBJC_MSGSEND = YES;
				ENABLE_TESTABILITY = YES;
				GCC_C_LANGUAGE_STANDARD = gnu11;
				GCC_DYNAMIC_NO_PIC = NO;
				GCC_NO_COMMON_BLOCKS = YES;
				GCC_OPTIMIZATION_LEVEL = 0;
				GCC_PREPROCESSOR_DEFINITIONS = (
					"DEBUG=1",
					"$(inherited)",
				);
				GCC_WARN_64_TO_32_BIT_CONVERSION = YES;
				GCC_WARN_ABOUT_RETURN_TYPE = YES_ERROR;
				GCC_WARN_UNDECLARED_SELECTOR = YES;
				GCC_WARN_UNINITIALIZED_AUTOS = YES_AGGRESSIVE;
				GCC_WARN_UNUSED_FUNCTION = YES;
				GCC_WARN_UNUSED_VARIABLE = YES;
				IPHONEOS_DEPLOYMENT_TARGET = 15.2;
				MTL_ENABLE_DEBUG_INFO = INCLUDE_SOURCE;
				MTL_FAST_MATH = YES;
				ONLY_ACTIVE_ARCH = YES;
				SDKROOT = iphoneos;
				SWIFT_ACTIVE_COMPILATION_CONDITIONS = DEBUG;
				SWIFT_OPTIMIZATION_LEVEL = "-Onone";
			};
			name = Debug;
		};
		4C04493327A9D2D000AA047B /* Release */ = {
			isa = XCBuildConfiguration;
			buildSettings = {
				ALWAYS_SEARCH_USER_PATHS = NO;
				CLANG_ANALYZER_NONNULL = YES;
				CLANG_ANALYZER_NUMBER_OBJECT_CONVERSION = YES_AGGRESSIVE;
				CLANG_CXX_LANGUAGE_STANDARD = "gnu++17";
				CLANG_CXX_LIBRARY = "libc++";
				CLANG_ENABLE_MODULES = YES;
				CLANG_ENABLE_OBJC_ARC = YES;
				CLANG_ENABLE_OBJC_WEAK = YES;
				CLANG_WARN_BLOCK_CAPTURE_AUTORELEASING = YES;
				CLANG_WARN_BOOL_CONVERSION = YES;
				CLANG_WARN_COMMA = YES;
				CLANG_WARN_CONSTANT_CONVERSION = YES;
				CLANG_WARN_DEPRECATED_OBJC_IMPLEMENTATIONS = YES;
				CLANG_WARN_DIRECT_OBJC_ISA_USAGE = YES_ERROR;
				CLANG_WARN_DOCUMENTATION_COMMENTS = YES;
				CLANG_WARN_EMPTY_BODY = YES;
				CLANG_WARN_ENUM_CONVERSION = YES;
				CLANG_WARN_INFINITE_RECURSION = YES;
				CLANG_WARN_INT_CONVERSION = YES;
				CLANG_WARN_NON_LITERAL_NULL_CONVERSION = YES;
				CLANG_WARN_OBJC_IMPLICIT_RETAIN_SELF = YES;
				CLANG_WARN_OBJC_LITERAL_CONVERSION = YES;
				CLANG_WARN_OBJC_ROOT_CLASS = YES_ERROR;
				CLANG_WARN_QUOTED_INCLUDE_IN_FRAMEWORK_HEADER = YES;
				CLANG_WARN_RANGE_LOOP_ANALYSIS = YES;
				CLANG_WARN_STRICT_PROTOTYPES = YES;
				CLANG_WARN_SUSPICIOUS_MOVE = YES;
				CLANG_WARN_UNGUARDED_AVAILABILITY = YES_AGGRESSIVE;
				CLANG_WARN_UNREACHABLE_CODE = YES;
				CLANG_WARN__DUPLICATE_METHOD_MATCH = YES;
				COPY_PHASE_STRIP = NO;
				DEBUG_INFORMATION_FORMAT = "dwarf-with-dsym";
				ENABLE_NS_ASSERTIONS = NO;
				ENABLE_STRICT_OBJC_MSGSEND = YES;
				GCC_C_LANGUAGE_STANDARD = gnu11;
				GCC_NO_COMMON_BLOCKS = YES;
				GCC_WARN_64_TO_32_BIT_CONVERSION = YES;
				GCC_WARN_ABOUT_RETURN_TYPE = YES_ERROR;
				GCC_WARN_UNDECLARED_SELECTOR = YES;
				GCC_WARN_UNINITIALIZED_AUTOS = YES_AGGRESSIVE;
				GCC_WARN_UNUSED_FUNCTION = YES;
				GCC_WARN_UNUSED_VARIABLE = YES;
				IPHONEOS_DEPLOYMENT_TARGET = 15.2;
				MTL_ENABLE_DEBUG_INFO = NO;
				MTL_FAST_MATH = YES;
				SDKROOT = iphoneos;
				SWIFT_COMPILATION_MODE = wholemodule;
				SWIFT_OPTIMIZATION_LEVEL = "-O";
				VALIDATE_PRODUCT = YES;
			};
			name = Release;
		};
		4C04493527A9D2D000AA047B /* Debug */ = {
			isa = XCBuildConfiguration;
			buildSettings = {
				ASSETCATALOG_COMPILER_APPICON_NAME = AppIcon;
				ASSETCATALOG_COMPILER_GLOBAL_ACCENT_COLOR_NAME = AccentColor;
				CODE_SIGN_STYLE = Automatic;
				CURRENT_PROJECT_VERSION = 1;
				DEVELOPMENT_TEAM = B9Z9XYZ4AX;
				GENERATE_INFOPLIST_FILE = YES;
				INFOPLIST_FILE = MazeRobotController2.0/Info.plist;
				INFOPLIST_KEY_UIApplicationSupportsIndirectInputEvents = YES;
				INFOPLIST_KEY_UILaunchStoryboardName = LaunchScreen;
				INFOPLIST_KEY_UIMainStoryboardFile = Main;
				INFOPLIST_KEY_UISupportedInterfaceOrientations_iPad = "UIInterfaceOrientationPortrait UIInterfaceOrientationPortraitUpsideDown UIInterfaceOrientationLandscapeLeft UIInterfaceOrientationLandscapeRight";
				INFOPLIST_KEY_UISupportedInterfaceOrientations_iPhone = "UIInterfaceOrientationPortrait UIInterfaceOrientationLandscapeLeft UIInterfaceOrientationLandscapeRight";
				IPHONEOS_DEPLOYMENT_TARGET = 14.6;
				LD_RUNPATH_SEARCH_PATHS = (
					"$(inherited)",
					"@executable_path/Frameworks",
				);
				MARKETING_VERSION = 1.0;
				PRODUCT_BUNDLE_IDENTIFIER = "angus-young.MazeRobotController2-0";
				PRODUCT_NAME = "$(TARGET_NAME)";
				SWIFT_EMIT_LOC_STRINGS = YES;
				SWIFT_VERSION = 5.0;
				TARGETED_DEVICE_FAMILY = "1,2";
			};
			name = Debug;
		};
		4C04493627A9D2D000AA047B /* Release */ = {
			isa = XCBuildConfiguration;
			buildSettings = {
				ASSETCATALOG_COMPILER_APPICON_NAME = AppIcon;
				ASSETCATALOG_COMPILER_GLOBAL_ACCENT_COLOR_NAME = AccentColor;
				CODE_SIGN_STYLE = Automatic;
				CURRENT_PROJECT_VERSION = 1;
				DEVELOPMENT_TEAM = B9Z9XYZ4AX;
				GENERATE_INFOPLIST_FILE = YES;
				INFOPLIST_FILE = MazeRobotController2.0/Info.plist;
				INFOPLIST_KEY_UIApplicationSupportsIndirectInputEvents = YES;
				INFOPLIST_KEY_UILaunchStoryboardName = LaunchScreen;
				INFOPLIST_KEY_UIMainStoryboardFile = Main;
				INFOPLIST_KEY_UISupportedInterfaceOrientations_iPad = "UIInterfaceOrientationPortrait UIInterfaceOrientationPortraitUpsideDown UIInterfaceOrientationLandscapeLeft UIInterfaceOrientationLandscapeRight";
				INFOPLIST_KEY_UISupportedInterfaceOrientations_iPhone = "UIInterfaceOrientationPortrait UIInterfaceOrientationLandscapeLeft UIInterfaceOrientationLandscapeRight";
				IPHONEOS_DEPLOYMENT_TARGET = 14.6;
				LD_RUNPATH_SEARCH_PATHS = (
					"$(inherited)",
					"@executable_path/Frameworks",
				);
				MARKETING_VERSION = 1.0;
				PRODUCT_BUNDLE_IDENTIFIER = "angus-young.MazeRobotController2-0";
				PRODUCT_NAME = "$(TARGET_NAME)";
				SWIFT_EMIT_LOC_STRINGS = YES;
				SWIFT_VERSION = 5.0;
				TARGETED_DEVICE_FAMILY = "1,2";
			};
			name = Release;
		};
		4C04493827A9D2D000AA047B /* Debug */ = {
			isa = XCBuildConfiguration;
			buildSettings = {
				ALWAYS_EMBED_SWIFT_STANDARD_LIBRARIES = YES;
				BUNDLE_LOADER = "$(TEST_HOST)";
				CODE_SIGN_STYLE = Automatic;
				CURRENT_PROJECT_VERSION = 1;
				DEVELOPMENT_TEAM = B9Z9XYZ4AX;
				GENERATE_INFOPLIST_FILE = YES;
				IPHONEOS_DEPLOYMENT_TARGET = 15.2;
				MARKETING_VERSION = 1.0;
				PRODUCT_BUNDLE_IDENTIFIER = "angus-young.MazeRobotController2-0Tests";
				PRODUCT_NAME = "$(TARGET_NAME)";
				SWIFT_EMIT_LOC_STRINGS = NO;
				SWIFT_VERSION = 5.0;
				TARGETED_DEVICE_FAMILY = "1,2";
				TEST_HOST = "$(BUILT_PRODUCTS_DIR)/MazeRobotController2.0.app/MazeRobotController2.0";
			};
			name = Debug;
		};
		4C04493927A9D2D000AA047B /* Release */ = {
			isa = XCBuildConfiguration;
			buildSettings = {
				ALWAYS_EMBED_SWIFT_STANDARD_LIBRARIES = YES;
				BUNDLE_LOADER = "$(TEST_HOST)";
				CODE_SIGN_STYLE = Automatic;
				CURRENT_PROJECT_VERSION = 1;
				DEVELOPMENT_TEAM = B9Z9XYZ4AX;
				GENERATE_INFOPLIST_FILE = YES;
				IPHONEOS_DEPLOYMENT_TARGET = 15.2;
				MARKETING_VERSION = 1.0;
				PRODUCT_BUNDLE_IDENTIFIER = "angus-young.MazeRobotController2-0Tests";
				PRODUCT_NAME = "$(TARGET_NAME)";
				SWIFT_EMIT_LOC_STRINGS = NO;
				SWIFT_VERSION = 5.0;
				TARGETED_DEVICE_FAMILY = "1,2";
				TEST_HOST = "$(BUILT_PRODUCTS_DIR)/MazeRobotController2.0.app/MazeRobotController2.0";
			};
			name = Release;
		};
		4C04493B27A9D2D000AA047B /* Debug */ = {
			isa = XCBuildConfiguration;
			buildSettings = {
				ALWAYS_EMBED_SWIFT_STANDARD_LIBRARIES = YES;
				CODE_SIGN_STYLE = Automatic;
				CURRENT_PROJECT_VERSION = 1;
				DEVELOPMENT_TEAM = B9Z9XYZ4AX;
				GENERATE_INFOPLIST_FILE = YES;
				MARKETING_VERSION = 1.0;
				PRODUCT_BUNDLE_IDENTIFIER = "angus-young.MazeRobotController2-0UITests";
				PRODUCT_NAME = "$(TARGET_NAME)";
				SWIFT_EMIT_LOC_STRINGS = NO;
				SWIFT_VERSION = 5.0;
				TARGETED_DEVICE_FAMILY = "1,2";
				TEST_TARGET_NAME = MazeRobotController2.0;
			};
			name = Debug;
		};
		4C04493C27A9D2D000AA047B /* Release */ = {
			isa = XCBuildConfiguration;
			buildSettings = {
				ALWAYS_EMBED_SWIFT_STANDARD_LIBRARIES = YES;
				CODE_SIGN_STYLE = Automatic;
				CURRENT_PROJECT_VERSION = 1;
				DEVELOPMENT_TEAM = B9Z9XYZ4AX;
				GENERATE_INFOPLIST_FILE = YES;
				MARKETING_VERSION = 1.0;
				PRODUCT_BUNDLE_IDENTIFIER = "angus-young.MazeRobotController2-0UITests";
				PRODUCT_NAME = "$(TARGET_NAME)";
				SWIFT_EMIT_LOC_STRINGS = NO;
				SWIFT_VERSION = 5.0;
				TARGETED_DEVICE_FAMILY = "1,2";
				TEST_TARGET_NAME = MazeRobotController2.0;
			};
			name = Release;
		};
/* End XCBuildConfiguration section */

/* Begin XCConfigurationList section */
		4C04490527A9D2CE00AA047B /* Build configuration list for PBXProject "MazeRobotController2.0" */ = {
			isa = XCConfigurationList;
			buildConfigurations = (
				4C04493227A9D2D000AA047B /* Debug */,
				4C04493327A9D2D000AA047B /* Release */,
			);
			defaultConfigurationIsVisible = 0;
			defaultConfigurationName = Release;
		};
		4C04493427A9D2D000AA047B /* Build configuration list for PBXNativeTarget "MazeRobotController2.0" */ = {
			isa = XCConfigurationList;
			buildConfigurations = (
				4C04493527A9D2D000AA047B /* Debug */,
				4C04493627A9D2D000AA047B /* Release */,
			);
			defaultConfigurationIsVisible = 0;
			defaultConfigurationName = Release;
		};
		4C04493727A9D2D000AA047B /* Build configuration list for PBXNativeTarget "MazeRobotController2.0Tests" */ = {
			isa = XCConfigurationList;
			buildConfigurations = (
				4C04493827A9D2D000AA047B /* Debug */,
				4C04493927A9D2D000AA047B /* Release */,
			);
			defaultConfigurationIsVisible = 0;
			defaultConfigurationName = Release;
		};
		4C04493A27A9D2D000AA047B /* Build configuration list for PBXNativeTarget "MazeRobotController2.0UITests" */ = {
			isa = XCConfigurationList;
			buildConfigurations = (
				4C04493B27A9D2D000AA047B /* Debug */,
				4C04493C27A9D2D000AA047B /* Release */,
			);
			defaultConfigurationIsVisible = 0;
			defaultConfigurationName = Release;
		};
/* End XCConfigurationList section */
	};
	rootObject = 4C04490227A9D2CE00AA047B /* Project object */;
}
